
Microsoft Visual Studio Solution File, Format Version 12.00
# Visual Studio Version 17
VisualStudioVersion = 17.14.36408.4 d17.14
MinimumVisualStudioVersion = 10.0.40219.1
Project("{2150E333-8FDC-42A3-9474-1A3956D46DE8}") = "src", "src", "{02EA681E-C7D8-13C7-8484-4AC65E1B71E8}"
EndProject
Project("{FAE04EC0-301F-11D3-BF4B-00C04F79EFBC}") = "SoapDemo.API", "SoapDemo.API\SoapDemo.API.csproj", "{6C71AC5A-CA1A-477C-ACD8-DBBD00DD1FE0}"
EndProject
Project("{FAE04EC0-301F-11D3-BF4B-00C04F79EFBC}") = "SoapDemo.Application", "SoapDemo.Application\SoapDemo.Application.csproj", "{E54DBB72-1459-4559-941A-C5067DDA461F}"
EndProject
Project("{FAE04EC0-301F-11D3-BF4B-00C04F79EFBC}") = "SoapDemo.Infrastructure", "SoapDemo.Infrastructure\SoapDemo.Infrastructure.csproj", "{B5A5193A-396B-495E-8587-7D86E046F524}"
EndProject
Global
	GlobalSection(SolutionConfigurationPlatforms) = preSolution
		Debug|Any CPU = Debug|Any CPU
		Release|Any CPU = Release|Any CPU
	EndGlobalSection
	GlobalSection(ProjectConfigurationPlatforms) = postSolution
		{6C71AC5A-CA1A-477C-ACD8-DBBD00DD1FE0}.Debug|Any CPU.ActiveCfg = Debug|Any CPU
		{6C71AC5A-CA1A-477C-ACD8-DBBD00DD1FE0}.Debug|Any CPU.Build.0 = Debug|Any CPU
		{6C71AC5A-CA1A-477C-ACD8-DBBD00DD1FE0}.Release|Any CPU.ActiveCfg = Release|Any CPU
		{6C71AC5A-CA1A-477C-ACD8-DBBD00DD1FE0}.Release|Any CPU.Build.0 = Release|Any CPU
		{E54DBB72-1459-4559-941A-C5067DDA461F}.Debug|Any CPU.ActiveCfg = Debug|Any CPU
		{E54DBB72-1459-4559-941A-C5067DDA461F}.Debug|Any CPU.Build.0 = Debug|Any CPU
		{E54DBB72-1459-4559-941A-C5067DDA461F}.Release|Any CPU.ActiveCfg = Release|Any CPU
		{E54DBB72-1459-4559-941A-C5067DDA461F}.Release|Any CPU.Build.0 = Release|Any CPU
		{B5A5193A-396B-495E-8587-7D86E046F524}.Debug|Any CPU.ActiveCfg = Debug|Any CPU
		{B5A5193A-396B-495E-8587-7D86E046F524}.Debug|Any CPU.Build.0 = Debug|Any CPU
		{B5A5193A-396B-495E-8587-7D86E046F524}.Release|Any CPU.ActiveCfg = Release|Any CPU
		{B5A5193A-396B-495E-8587-7D86E046F524}.Release|Any CPU.Build.0 = Release|Any CPU
	EndGlobalSection
	GlobalSection(SolutionProperties) = preSolution
		HideSolutionNode = FALSE
	EndGlobalSection
	GlobalSection(NestedProjects) = preSolution
		{6C71AC5A-CA1A-477C-ACD8-DBBD00DD1FE0} = {02EA681E-C7D8-13C7-8484-4AC65E1B71E8}
		{E54DBB72-1459-4559-941A-C5067DDA461F} = {02EA681E-C7D8-13C7-8484-4AC65E1B71E8}
		{B5A5193A-396B-495E-8587-7D86E046F524} = {02EA681E-C7D8-13C7-8484-4AC65E1B71E8}
	EndGlobalSection
	GlobalSection(ExtensibilityGlobals) = postSolution
		SolutionGuid = {055DBE4A-CDB8-4A83-A23E-6946024FE897}
	EndGlobalSection
EndGlobal
